Microsoft Visual Studio Solution File, Format Version 11.00
# Visual Studio 2008

Project("{D8410DDB-39A0-B44D-BFBF-8B16365E3825}") = "TeamLabThing", "Assembly-CSharp-firstpass.csproj", "{EB9447BE-4BEA-7538-C593-077B0F8DE427}"
EndProject
Project("{D8410DDB-39A0-B44D-BFBF-8B16365E3825}") = "TeamLabThing", "Assembly-CSharp.csproj", "{0F9AD2F8-8F46-56F9-0D1B-D0E7BF16A96A}"
EndProject
Global
	GlobalSection(SolutionConfigurationPlatforms) = preSolution
		Debug|Any CPU = Debug|Any CPU
		Release|Any CPU = Release|Any CPU
	EndGlobalSection
	GlobalSection(ProjectConfigurationPlatforms) = postSolution
		{EB9447BE-4BEA-7538-C593-077B0F8DE427}.Debug|Any CPU.ActiveCfg = Debug|Any CPU
		{EB9447BE-4BEA-7538-C593-077B0F8DE427}.Debug|Any CPU.Build.0 = Debug|Any CPU
		{EB9447BE-4BEA-7538-C593-077B0F8DE427}.Release|Any CPU.ActiveCfg = Release|Any CPU
		{EB9447BE-4BEA-7538-C593-077B0F8DE427}.Release|Any CPU.Build.0 = Release|Any CPU
		{0F9AD2F8-8F46-56F9-0D1B-D0E7BF16A96A}.Debug|Any CPU.ActiveCfg = Debug|Any CPU
		{0F9AD2F8-8F46-56F9-0D1B-D0E7BF16A96A}.Debug|Any CPU.Build.0 = Debug|Any CPU
		{0F9AD2F8-8F46-56F9-0D1B-D0E7BF16A96A}.Release|Any CPU.ActiveCfg = Release|Any CPU
		{0F9AD2F8-8F46-56F9-0D1B-D0E7BF16A96A}.Release|Any CPU.Build.0 = Release|Any CPU
	EndGlobalSection
	GlobalSection(SolutionProperties) = preSolution
		HideSolutionNode = FALSE
	EndGlobalSection
	GlobalSection(MonoDevelopProperties) = preSolution
		StartupItem = Assembly-CSharp.csproj
	EndGlobalSection
EndGlobal
